// !$*UTF8*$!
{
	archiveVersion = 1;
	classes = {
	};
	objectVersion = 56;
	objects = {

/* Begin PBXBuildFile section */
		F495861029B1CB3C007AC51F /* AppDelegate.swift in Sources */ = {isa = PBXBuildFile; fileRef = F495860F29B1CB3C007AC51F /* AppDelegate.swift */; };
		F495861229B1CB3C007AC51F /* SceneDelegate.swift in Sources */ = {isa = PBXBuildFile; fileRef = F495861129B1CB3C007AC51F /* SceneDelegate.swift */; };
		F495861429B1CB3C007AC51F /* ViewController.swift in Sources */ = {isa = PBXBuildFile; fileRef = F495861329B1CB3C007AC51F /* ViewController.swift */; };
		F495861729B1CB3C007AC51F /* Main.storyboard in Resources */ = {isa = PBXBuildFile; fileRef = F495861529B1CB3C007AC51F /* Main.storyboard */; };
		F495861A29B1CB3C007AC51F /* WebAlarm.xcdatamodeld in Sources */ = {isa = PBXBuildFile; fileRef = F495861829B1CB3C007AC51F /* WebAlarm.xcdatamodeld */; };
		F495861C29B1CB3E007AC51F /* Assets.xcassets in Resources */ = {isa = PBXBuildFile; fileRef = F495861B29B1CB3E007AC51F /* Assets.xcassets */; };
		F495861F29B1CB3E007AC51F /* LaunchScreen.storyboard in Resources */ = {isa = PBXBuildFile; fileRef = F495861D29B1CB3E007AC51F /* LaunchScreen.storyboard */; };
		F495862A29B1CB3E007AC51F /* WebAlarmTests.swift in Sources */ = {isa = PBXBuildFile; fileRef = F495862929B1CB3E007AC51F /* WebAlarmTests.swift */; };
		F495863429B1CB3E007AC51F /* WebAlarmUITests.swift in Sources */ = {isa = PBXBuildFile; fileRef = F495863329B1CB3E007AC51F /* WebAlarmUITests.swift */; };
		F495863629B1CB3E007AC51F /* WebAlarmUITestsLaunchTests.swift in Sources */ = {isa = PBXBuildFile; fileRef = F495863529B1CB3E007AC51F /* WebAlarmUITestsLaunchTests.swift */; };
		F495864A29B1D550007AC51F /* SitesCell.swift in Sources */ = {isa = PBXBuildFile; fileRef = F495864929B1D550007AC51F /* SitesCell.swift */; };
		F495864D29B1ECB6007AC51F /* WebViewController.swift in Sources */ = {isa = PBXBuildFile; fileRef = F495864C29B1ECB6007AC51F /* WebViewController.swift */; };
		F49C581529B709E400197304 /* SiteInfoManager.swift in Sources */ = {isa = PBXBuildFile; fileRef = F49C581429B709E400197304 /* SiteInfoManager.swift */; };
/* End PBXBuildFile section */

/* Begin PBXContainerItemProxy section */
		F495862629B1CB3E007AC51F /* PBXContainerItemProxy */ = {
			isa = PBXContainerItemProxy;
			containerPortal = F495860429B1CB3C007AC51F /* Project object */;
			proxyType = 1;
			remoteGlobalIDString = F495860B29B1CB3C007AC51F;
			remoteInfo = WebAlarm;
		};
		F495863029B1CB3E007AC51F /* PBXContainerItemProxy */ = {
			isa = PBXContainerItemProxy;
			containerPortal = F495860429B1CB3C007AC51F /* Project object */;
			proxyType = 1;
			remoteGlobalIDString = F495860B29B1CB3C007AC51F;
			remoteInfo = WebAlarm;
		};
/* End PBXContainerItemProxy section */

/* Begin PBXFileReference section */
		F495860C29B1CB3C007AC51F /* WebAlarm.app */ = {isa = PBXFileReference; explicitFileType = wrapper.application; includeInIndex = 0; path = WebAlarm.app; sourceTree = BUILT_PRODUCTS_DIR; };
		F495860F29B1CB3C007AC51F /* AppDelegate.swift */ = {isa = PBXFileReference; lastKnownFileType = sourcecode.swift; path = AppDelegate.swift; sourceTree = "<group>"; };
		F495861129B1CB3C007AC51F /* SceneDelegate.swift */ = {isa = PBXFileReference; lastKnownFileType = sourcecode.swift; path = SceneDelegate.swift; sourceTree = "<group>"; };
		F495861329B1CB3C007AC51F /* ViewController.swift */ = {isa = PBXFileReference; lastKnownFileType = sourcecode.swift; path = ViewController.swift; sourceTree = "<group>"; };
		F495861629B1CB3C007AC51F /* Base */ = {isa = PBXFileReference; lastKnownFileType = file.storyboard; name = Base; path = Base.lproj/Main.storyboard; sourceTree = "<group>"; };
		F495861929B1CB3C007AC51F /* WebAlarm.xcdatamodel */ = {isa = PBXFileReference; lastKnownFileType = wrapper.xcdatamodel; path = WebAlarm.xcdatamodel; sourceTree = "<group>"; };
		F495861B29B1CB3E007AC51F /* Assets.xcassets */ = {isa = PBXFileReference; lastKnownFileType = folder.assetcatalog; path = Assets.xcassets; sourceTree = "<group>"; };
		F495861E29B1CB3E007AC51F /* Base */ = {isa = PBXFileReference; lastKnownFileType = file.storyboard; name = Base; path = Base.lproj/LaunchScreen.storyboard; sourceTree = "<group>"; };
		F495862029B1CB3E007AC51F /* Info.plist */ = {isa = PBXFileReference; lastKnownFileType = text.plist.xml; path = Info.plist; sourceTree = "<group>"; };
		F495862529B1CB3E007AC51F /* WebAlarmTests.xctest */ = {isa = PBXFileReference; explicitFileType = wrapper.cfbundle; includeInIndex = 0; path = WebAlarmTests.xctest; sourceTree = BUILT_PRODUCTS_DIR; };
		F495862929B1CB3E007AC51F /* WebAlarmTests.swift */ = {isa = PBXFileReference; lastKnownFileType = sourcecode.swift; path = WebAlarmTests.swift; sourceTree = "<group>"; };
		F495862F29B1CB3E007AC51F /* WebAlarmUITests.xctest */ = {isa = PBXFileReference; explicitFileType = wrapper.cfbundle; includeInIndex = 0; path = WebAlarmUITests.xctest; sourceTree = BUILT_PRODUCTS_DIR; };
		F495863329B1CB3E007AC51F /* WebAlarmUITests.swift */ = {isa = PBXFileReference; lastKnownFileType = sourcecode.swift; path = WebAlarmUITests.swift; sourceTree = "<group>"; };
		F495863529B1CB3E007AC51F /* WebAlarmUITestsLaunchTests.swift */ = {isa = PBXFileReference; lastKnownFileType = sourcecode.swift; path = WebAlarmUITestsLaunchTests.swift; sourceTree = "<group>"; };
		F495864929B1D550007AC51F /* SitesCell.swift */ = {isa = PBXFileReference; lastKnownFileType = sourcecode.swift; path = SitesCell.swift; sourceTree = "<group>"; };
		F495864C29B1ECB6007AC51F /* WebViewController.swift */ = {isa = PBXFileReference; lastKnownFileType = sourcecode.swift; path = WebViewController.swift; sourceTree = "<group>"; };
		F49C581429B709E400197304 /* SiteInfoManager.swift */ = {isa = PBXFileReference; lastKnownFileType = sourcecode.swift; path = SiteInfoManager.swift; sourceTree = "<group>"; };
/* End PBXFileReference section */

/* Begin PBXFrameworksBuildPhase section */
		F495860929B1CB3C007AC51F /* Frameworks */ = {
			isa = PBXFrameworksBuildPhase;
			buildActionMask = 2147483647;
			files = (
			);
			runOnlyForDeploymentPostprocessing = 0;
		};
		F495862229B1CB3E007AC51F /* Frameworks */ = {
			isa = PBXFrameworksBuildPhase;
			buildActionMask = 2147483647;
			files = (
			);
			runOnlyForDeploymentPostprocessing = 0;
		};
		F495862C29B1CB3E007AC51F /* Frameworks */ = {
			isa = PBXFrameworksBuildPhase;
			buildActionMask = 2147483647;
			files = (
			);
			runOnlyForDeploymentPostprocessing = 0;
		};
/* End PBXFrameworksBuildPhase section */

/* Begin PBXGroup section */
		F495860329B1CB3C007AC51F = {
			isa = PBXGroup;
			children = (
				F495860E29B1CB3C007AC51F /* WebAlarm */,
				F495862829B1CB3E007AC51F /* WebAlarmTests */,
				F495863229B1CB3E007AC51F /* WebAlarmUITests */,
				F495860D29B1CB3C007AC51F /* Products */,
			);
			sourceTree = "<group>";
		};
		F495860D29B1CB3C007AC51F /* Products */ = {
			isa = PBXGroup;
			children = (
				F495860C29B1CB3C007AC51F /* WebAlarm.app */,
				F495862529B1CB3E007AC51F /* WebAlarmTests.xctest */,
				F495862F29B1CB3E007AC51F /* WebAlarmUITests.xctest */,
			);
			name = Products;
			sourceTree = "<group>";
		};
		F495860E29B1CB3C007AC51F /* WebAlarm */ = {
			isa = PBXGroup;
			children = (
				F495860F29B1CB3C007AC51F /* AppDelegate.swift */,
				F495861129B1CB3C007AC51F /* SceneDelegate.swift */,
				F49C581629B709ED00197304 /* Model */,
				F495864229B1D3D4007AC51F /* View */,
				F495864B29B1EC91007AC51F /* Controller */,
				F495861529B1CB3C007AC51F /* Main.storyboard */,
				F495861B29B1CB3E007AC51F /* Assets.xcassets */,
				F495861D29B1CB3E007AC51F /* LaunchScreen.storyboard */,
				F495862029B1CB3E007AC51F /* Info.plist */,
				F495861829B1CB3C007AC51F /* WebAlarm.xcdatamodeld */,
			);
			path = WebAlarm;
			sourceTree = "<group>";
		};
		F495862829B1CB3E007AC51F /* WebAlarmTests */ = {
			isa = PBXGroup;
			children = (
				F495862929B1CB3E007AC51F /* WebAlarmTests.swift */,
			);
			path = WebAlarmTests;
			sourceTree = "<group>";
		};
		F495863229B1CB3E007AC51F /* WebAlarmUITests */ = {
			isa = PBXGroup;
			children = (
				F495863329B1CB3E007AC51F /* WebAlarmUITests.swift */,
				F495863529B1CB3E007AC51F /* WebAlarmUITestsLaunchTests.swift */,
			);
			path = WebAlarmUITests;
			sourceTree = "<group>";
		};
		F495864229B1D3D4007AC51F /* View */ = {
			isa = PBXGroup;
			children = (
				F495864929B1D550007AC51F /* SitesCell.swift */,
			);
			path = View;
			sourceTree = "<group>";
		};
		F495864B29B1EC91007AC51F /* Controller */ = {
			isa = PBXGroup;
			children = (
				F495861329B1CB3C007AC51F /* ViewController.swift */,
				F495864C29B1ECB6007AC51F /* WebViewController.swift */,
			);
			path = Controller;
			sourceTree = "<group>";
		};
		F49C581629B709ED00197304 /* Model */ = {
			isa = PBXGroup;
			children = (
				F49C581429B709E400197304 /* SiteInfoManager.swift */,
			);
			path = Model;
			sourceTree = "<group>";
		};
/* End PBXGroup section */

/* Begin PBXNativeTarget section */
		F495860B29B1CB3C007AC51F /* WebAlarm */ = {
			isa = PBXNativeTarget;
			buildConfigurationList = F495863929B1CB3E007AC51F /* Build configuration list for PBXNativeTarget "WebAlarm" */;
			buildPhases = (
				F495860829B1CB3C007AC51F /* Sources */,
				F495860929B1CB3C007AC51F /* Frameworks */,
				F495860A29B1CB3C007AC51F /* Resources */,
			);
			buildRules = (
			);
			dependencies = (
			);
			name = WebAlarm;
			productName = WebAlarm;
			productReference = F495860C29B1CB3C007AC51F /* WebAlarm.app */;
			productType = "com.apple.product-type.application";
		};
		F495862429B1CB3E007AC51F /* WebAlarmTests */ = {
			isa = PBXNativeTarget;
			buildConfigurationList = F495863C29B1CB3E007AC51F /* Build configuration list for PBXNativeTarget "WebAlarmTests" */;
			buildPhases = (
				F495862129B1CB3E007AC51F /* Sources */,
				F495862229B1CB3E007AC51F /* Frameworks */,
				F495862329B1CB3E007AC51F /* Resources */,
			);
			buildRules = (
			);
			dependencies = (
				F495862729B1CB3E007AC51F /* PBXTargetDependency */,
			);
			name = WebAlarmTests;
			productName = WebAlarmTests;
			productReference = F495862529B1CB3E007AC51F /* WebAlarmTests.xctest */;
			productType = "com.apple.product-type.bundle.unit-test";
		};
		F495862E29B1CB3E007AC51F /* WebAlarmUITests */ = {
			isa = PBXNativeTarget;
			buildConfigurationList = F495863F29B1CB3E007AC51F /* Build configuration list for PBXNativeTarget "WebAlarmUITests" */;
			buildPhases = (
				F495862B29B1CB3E007AC51F /* Sources */,
				F495862C29B1CB3E007AC51F /* Frameworks */,
				F495862D29B1CB3E007AC51F /* Resources */,
			);
			buildRules = (
			);
			dependencies = (
				F495863129B1CB3E007AC51F /* PBXTargetDependency */,
			);
			name = WebAlarmUITests;
			productName = WebAlarmUITests;
			productReference = F495862F29B1CB3E007AC51F /* WebAlarmUITests.xctest */;
			productType = "com.apple.product-type.bundle.ui-testing";
		};
/* End PBXNativeTarget section */

/* Begin PBXProject section */
		F495860429B1CB3C007AC51F /* Project object */ = {
			isa = PBXProject;
			attributes = {
				BuildIndependentTargetsInParallel = 1;
				LastSwiftUpdateCheck = 1420;
				LastUpgradeCheck = 1420;
				TargetAttributes = {
					F495860B29B1CB3C007AC51F = {
						CreatedOnToolsVersion = 14.2;
					};
					F495862429B1CB3E007AC51F = {
						CreatedOnToolsVersion = 14.2;
						TestTargetID = F495860B29B1CB3C007AC51F;
					};
					F495862E29B1CB3E007AC51F = {
						CreatedOnToolsVersion = 14.2;
						TestTargetID = F495860B29B1CB3C007AC51F;
					};
				};
			};
			buildConfigurationList = F495860729B1CB3C007AC51F /* Build configuration list for PBXProject "WebAlarm" */;
			compatibilityVersion = "Xcode 14.0";
			developmentRegion = en;
			hasScannedForEncodings = 0;
			knownRegions = (
				en,
				Base,
			);
			mainGroup = F495860329B1CB3C007AC51F;
			productRefGroup = F495860D29B1CB3C007AC51F /* Products */;
			projectDirPath = "";
			projectRoot = "";
			targets = (
				F495860B29B1CB3C007AC51F /* WebAlarm */,
				F495862429B1CB3E007AC51F /* WebAlarmTests */,
				F495862E29B1CB3E007AC51F /* WebAlarmUITests */,
			);
		};
/* End PBXProject section */

/* Begin PBXResourcesBuildPhase section */
		F495860A29B1CB3C007AC51F /* Resources */ = {
			isa = PBXResourcesBuildPhase;
			buildActionMask = 2147483647;
			files = (
				F495861F29B1CB3E007AC51F /* LaunchScreen.storyboard in Resources */,
				F495861C29B1CB3E007AC51F /* Assets.xcassets in Resources */,
				F495861729B1CB3C007AC51F /* Main.storyboard in Resources */,
			);
			runOnlyForDeploymentPostprocessing = 0;
		};
		F495862329B1CB3E007AC51F /* Resources */ = {
			isa = PBXResourcesBuildPhase;
			buildActionMask = 2147483647;
			files = (
			);
			runOnlyForDeploymentPostprocessing = 0;
		};
		F495862D29B1CB3E007AC51F /* Resources */ = {
			isa = PBXResourcesBuildPhase;
			buildActionMask = 2147483647;
			files = (
			);
			runOnlyForDeploymentPostprocessing = 0;
		};
/* End PBXResourcesBuildPhase section */

/* Begin PBXSourcesBuildPhase section */
		F495860829B1CB3C007AC51F /* Sources */ = {
			isa = PBXSourcesBuildPhase;
			buildActionMask = 2147483647;
			files = (
				F495864A29B1D550007AC51F /* SitesCell.swift in Sources */,
				F49C581529B709E400197304 /* SiteInfoManager.swift in Sources */,
				F495864D29B1ECB6007AC51F /* WebViewController.swift in Sources */,
				F495861A29B1CB3C007AC51F /* WebAlarm.xcdatamodeld in Sources */,
				F495861429B1CB3C007AC51F /* ViewController.swift in Sources */,
				F495861029B1CB3C007AC51F /* AppDelegate.swift in Sources */,
				F495861229B1CB3C007AC51F /* SceneDelegate.swift in Sources */,
			);
			runOnlyForDeploymentPostprocessing = 0;
		};
		F495862129B1CB3E007AC51F /* Sources */ = {
			isa = PBXSourcesBuildPhase;
			buildActionMask = 2147483647;
			files = (
				F495862A29B1CB3E007AC51F /* WebAlarmTests.swift in Sources */,
			);
			runOnlyForDeploymentPostprocessing = 0;
		};
		F495862B29B1CB3E007AC51F /* Sources */ = {
			isa = PBXSourcesBuildPhase;
			buildActionMask = 2147483647;
			files = (
				F495863629B1CB3E007AC51F /* WebAlarmUITestsLaunchTests.swift in Sources */,
				F495863429B1CB3E007AC51F /* WebAlarmUITests.swift in Sources */,
			);
			runOnlyForDeploymentPostprocessing = 0;
		};
/* End PBXSourcesBuildPhase section */

/* Begin PBXTargetDependency section */
		F495862729B1CB3E007AC51F /* PBXTargetDependency */ = {
			isa = PBXTargetDependency;
			target = F495860B29B1CB3C007AC51F /* WebAlarm */;
			targetProxy = F495862629B1CB3E007AC51F /* PBXContainerItemProxy */;
		};
		F495863129B1CB3E007AC51F /* PBXTargetDependency */ = {
			isa = PBXTargetDependency;
			target = F495860B29B1CB3C007AC51F /* WebAlarm */;
			targetProxy = F495863029B1CB3E007AC51F /* PBXContainerItemProxy */;
		};
/* End PBXTargetDependency section */

/* Begin PBXVariantGroup section */
		F495861529B1CB3C007AC51F /* Main.storyboard */ = {
			isa = PBXVariantGroup;
			children = (
				F495861629B1CB3C007AC51F /* Base */,
			);
			name = Main.storyboard;
			sourceTree = "<group>";
		};
		F495861D29B1CB3E007AC51F /* LaunchScreen.storyboard */ = {
			isa = PBXVariantGroup;
			children = (
				F495861E29B1CB3E007AC51F /* Base */,
			);
			name = LaunchScreen.storyboard;
			sourceTree = "<group>";
		};
/* End PBXVariantGroup section */

/* Begin XCBuildConfiguration section */
		F495863729B1CB3E007AC51F /* Debug */ = {
			isa = XCBuildConfiguration;
			buildSettings = {
				ALWAYS_SEARCH_USER_PATHS = NO;
				CLANG_ANALYZER_NONNULL = YES;
				CLANG_ANALYZER_NUMBER_OBJECT_CONVERSION = YES_AGGRESSIVE;
				CLANG_CXX_LANGUAGE_STANDARD = "gnu++20";
				CLANG_ENABLE_MODULES = YES;
				CLANG_ENABLE_OBJC_ARC = YES;
				CLANG_ENABLE_OBJC_WEAK = YES;
				CLANG_WARN_BLOCK_CAPTURE_AUTORELEASING = YES;
				CLANG_WARN_BOOL_CONVERSION = YES;
				CLANG_WARN_COMMA = YES;
				CLANG_WARN_CONSTANT_CONVERSION = YES;
				CLANG_WARN_DEPRECATED_OBJC_IMPLEMENTATIONS = YES;
				CLANG_WARN_DIRECT_OBJC_ISA_USAGE = YES_ERROR;
				CLANG_WARN_DOCUMENTATION_COMMENTS = YES;
				CLANG_WARN_EMPTY_BODY = YES;
				CLANG_WARN_ENUM_CONVERSION = YES;
				CLANG_WARN_INFINITE_RECURSION = YES;
				CLANG_WARN_INT_CONVERSION = YES;
				CLANG_WARN_NON_LITERAL_NULL_CONVERSION = YES;
				CLANG_WARN_OBJC_IMPLICIT_RETAIN_SELF = YES;
				CLANG_WARN_OBJC_LITERAL_CONVERSION = YES;
				CLANG_WARN_OBJC_ROOT_CLASS = YES_ERROR;
				CLANG_WARN_QUOTED_INCLUDE_IN_FRAMEWORK_HEADER = YES;
				CLANG_WARN_RANGE_LOOP_ANALYSIS = YES;
				CLANG_WARN_STRICT_PROTOTYPES = YES;
				CLANG_WARN_SUSPICIOUS_MOVE = YES;
				CLANG_WARN_UNGUARDED_AVAILABILITY = YES_AGGRESSIVE;
				CLANG_WARN_UNREACHABLE_CODE = YES;
				CLANG_WARN__DUPLICATE_METHOD_MATCH = YES;
				COPY_PHASE_STRIP = NO;
				DEBUG_INFORMATION_FORMAT = dwarf;
				ENABLE_STRICT_OBJC_MSGSEND = YES;
				ENABLE_TESTABILITY = YES;
				GCC_C_LANGUAGE_STANDARD = gnu11;
				GCC_DYNAMIC_NO_PIC = NO;
				GCC_NO_COMMON_BLOCKS = YES;
				GCC_OPTIMIZATION_LEVEL = 0;
				GCC_PREPROCESSOR_DEFINITIONS = (
					"DEBUG=1",
					"$(inherited)",
				);
				GCC_WARN_64_TO_32_BIT_CONVERSION = YES;
				GCC_WARN_ABOUT_RETURN_TYPE = YES_ERROR;
				GCC_WARN_UNDECLARED_SELECTOR = YES;
				GCC_WARN_UNINITIALIZED_AUTOS = YES_AGGRESSIVE;
				GCC_WARN_UNUSED_FUNCTION = YES;
				GCC_WARN_UNUSED_VARIABLE = YES;
				IPHONEOS_DEPLOYMENT_TARGET = 16.2;
				MTL_ENABLE_DEBUG_INFO = INCLUDE_SOURCE;
				MTL_FAST_MATH = YES;
				ONLY_ACTIVE_ARCH = YES;
				SDKROOT = iphoneos;
				SWIFT_ACTIVE_COMPILATION_CONDITIONS = DEBUG;
				SWIFT_OPTIMIZATION_LEVEL = "-Onone";
			};
			name = Debug;
		};
		F495863829B1CB3E007AC51F /* Release */ = {
			isa = XCBuildConfiguration;
			buildSettings = {
				ALWAYS_SEARCH_USER_PATHS = NO;
				CLANG_ANALYZER_NONNULL = YES;
				CLANG_ANALYZER_NUMBER_OBJECT_CONVERSION = YES_AGGRESSIVE;
				CLANG_CXX_LANGUAGE_STANDARD = "gnu++20";
				CLANG_ENABLE_MODULES = YES;
				CLANG_ENABLE_OBJC_ARC = YES;
				CLANG_ENABLE_OBJC_WEAK = YES;
				CLANG_WARN_BLOCK_CAPTURE_AUTORELEASING = YES;
				CLANG_WARN_BOOL_CONVERSION = YES;
				CLANG_WARN_COMMA = YES;
				CLANG_WARN_CONSTANT_CONVERSION = YES;
				CLANG_WARN_DEPRECATED_OBJC_IMPLEMENTATIONS = YES;
				CLANG_WARN_DIRECT_OBJC_ISA_USAGE = YES_ERROR;
				CLANG_WARN_DOCUMENTATION_COMMENTS = YES;
				CLANG_WARN_EMPTY_BODY = YES;
				CLANG_WARN_ENUM_CONVERSION = YES;
				CLANG_WARN_INFINITE_RECURSION = YES;
				CLANG_WARN_INT_CONVERSION = YES;
				CLANG_WARN_NON_LITERAL_NULL_CONVERSION = YES;
				CLANG_WARN_OBJC_IMPLICIT_RETAIN_SELF = YES;
				CLANG_WARN_OBJC_LITERAL_CONVERSION = YES;
				CLANG_WARN_OBJC_ROOT_CLASS = YES_ERROR;
				CLANG_WARN_QUOTED_INCLUDE_IN_FRAMEWORK_HEADER = YES;
				CLANG_WARN_RANGE_LOOP_ANALYSIS = YES;
				CLANG_WARN_STRICT_PROTOTYPES = YES;
				CLANG_WARN_SUSPICIOUS_MOVE = YES;
				CLANG_WARN_UNGUARDED_AVAILABILITY = YES_AGGRESSIVE;
				CLANG_WARN_UNREACHABLE_CODE = YES;
				CLANG_WARN__DUPLICATE_METHOD_MATCH = YES;
				COPY_PHASE_STRIP = NO;
				DEBUG_INFORMATION_FORMAT = "dwarf-with-dsym";
				ENABLE_NS_ASSERTIONS = NO;
				ENABLE_STRICT_OBJC_MSGSEND = YES;
				GCC_C_LANGUAGE_STANDARD = gnu11;
				GCC_NO_COMMON_BLOCKS = YES;
				GCC_WARN_64_TO_32_BIT_CONVERSION = YES;
				GCC_WARN_ABOUT_RETURN_TYPE = YES_ERROR;
				GCC_WARN_UNDECLARED_SELECTOR = YES;
				GCC_WARN_UNINITIALIZED_AUTOS = YES_AGGRESSIVE;
				GCC_WARN_UNUSED_FUNCTION = YES;
				GCC_WARN_UNUSED_VARIABLE = YES;
				IPHONEOS_DEPLOYMENT_TARGET = 16.2;
				MTL_ENABLE_DEBUG_INFO = NO;
				MTL_FAST_MATH = YES;
				SDKROOT = iphoneos;
				SWIFT_COMPILATION_MODE = wholemodule;
				SWIFT_OPTIMIZATION_LEVEL = "-O";
				VALIDATE_PRODUCT = YES;
			};
			name = Release;
		};
		F495863A29B1CB3E007AC51F /* Debug */ = {
			isa = XCBuildConfiguration;
			buildSettings = {
				ASSETCATALOG_COMPILER_APPICON_NAME = AppIcon;
				ASSETCATALOG_COMPILER_GLOBAL_ACCENT_COLOR_NAME = AccentColor;
				CODE_SIGN_STYLE = Automatic;
				CURRENT_PROJECT_VERSION = 1;
				DEVELOPMENT_TEAM = 72GVCX2P2A;
				GENERATE_INFOPLIST_FILE = YES;
				INFOPLIST_FILE = WebAlarm/Info.plist;
				INFOPLIST_KEY_UIApplicationSupportsIndirectInputEvents = YES;
				INFOPLIST_KEY_UILaunchStoryboardName = LaunchScreen;
				INFOPLIST_KEY_UIMainStoryboardFile = Main;
				INFOPLIST_KEY_UISupportedInterfaceOrientations_iPad = "UIInterfaceOrientationPortrait UIInterfaceOrientationPortraitUpsideDown UIInterfaceOrientationLandscapeLeft UIInterfaceOrientationLandscapeRight";
				INFOPLIST_KEY_UISupportedInterfaceOrientations_iPhone = "UIInterfaceOrientationPortrait UIInterfaceOrientationLandscapeLeft UIInterfaceOrientationLandscapeRight";
				LD_RUNPATH_SEARCH_PATHS = (
					"$(inherited)",
					"@executable_path/Frameworks",
				);
				MARKETING_VERSION = 1.0;
				PRODUCT_BUNDLE_IDENTIFIER = soojang.WebAlarm;
				PRODUCT_NAME = "$(TARGET_NAME)";
				SWIFT_EMIT_LOC_STRINGS = YES;
				SWIFT_VERSION = 5.0;
				TARGETED_DEVICE_FAMILY = "1,2";
			};
			name = Debug;
		};
		F495863B29B1CB3E007AC51F /* Release */ = {
			isa = XCBuildConfiguration;
			buildSettings = {
				ASSETCATALOG_COMPILER_APPICON_NAME = AppIcon;
				ASSETCATALOG_COMPILER_GLOBAL_ACCENT_COLOR_NAME = AccentColor;
				CODE_SIGN_STYLE = Automatic;
				CURRENT_PROJECT_VERSION = 1;
				DEVELOPMENT_TEAM = 72GVCX2P2A;
				GENERATE_INFOPLIST_FILE = YES;
				INFOPLIST_FILE = WebAlarm/Info.plist;
				INFOPLIST_KEY_UIApplicationSupportsIndirectInputEvents = YES;
				INFOPLIST_KEY_UILaunchStoryboardName = LaunchScreen;
				INFOPLIST_KEY_UIMainStoryboardFile = Main;
				INFOPLIST_KEY_UISupportedInterfaceOrientations_iPad = "UIInterfaceOrientationPortrait UIInterfaceOrientationPortraitUpsideDown UIInterfaceOrientationLandscapeLeft UIInterfaceOrientationLandscapeRight";
				INFOPLIST_KEY_UISupportedInterfaceOrientations_iPhone = "UIInterfaceOrientationPortrait UIInterfaceOrientationLandscapeLeft UIInterfaceOrientationLandscapeRight";
				LD_RUNPATH_SEARCH_PATHS = (
					"$(inherited)",
					"@executable_path/Frameworks",
				);
				MARKETING_VERSION = 1.0;
				PRODUCT_BUNDLE_IDENTIFIER = soojang.WebAlarm;
				PRODUCT_NAME = "$(TARGET_NAME)";
				SWIFT_EMIT_LOC_STRINGS = YES;
				SWIFT_VERSION = 5.0;
				TARGETED_DEVICE_FAMILY = "1,2";
			};
			name = Release;
		};
		F495863D29B1CB3E007AC51F /* Debug */ = {
			isa = XCBuildConfiguration;
			buildSettings = {
				ALWAYS_EMBED_SWIFT_STANDARD_LIBRARIES = YES;
				BUNDLE_LOADER = "$(TEST_HOST)";
				CODE_SIGN_STYLE = Automatic;
				CURRENT_PROJECT_VERSION = 1;
				DEVELOPMENT_TEAM = 72GVCX2P2A;
				GENERATE_INFOPLIST_FILE = YES;
				IPHONEOS_DEPLOYMENT_TARGET = 16.2;
				MARKETING_VERSION = 1.0;
				PRODUCT_BUNDLE_IDENTIFIER = soojang.WebAlarmTests;
				PRODUCT_NAME = "$(TARGET_NAME)";
				SWIFT_EMIT_LOC_STRINGS = NO;
				SWIFT_VERSION = 5.0;
				TARGETED_DEVICE_FAMILY = "1,2";
				TEST_HOST = "$(BUILT_PRODUCTS_DIR)/WebAlarm.app/$(BUNDLE_EXECUTABLE_FOLDER_PATH)/WebAlarm";
			};
			name = Debug;
		};
		F495863E29B1CB3E007AC51F /* Release */ = {
			isa = XCBuildConfiguration;
			buildSettings = {
				ALWAYS_EMBED_SWIFT_STANDARD_LIBRARIES = YES;
				BUNDLE_LOADER = "$(TEST_HOST)";
				CODE_SIGN_STYLE = Automatic;
				CURRENT_PROJECT_VERSION = 1;
				DEVELOPMENT_TEAM = 72GVCX2P2A;
				GENERATE_INFOPLIST_FILE = YES;
				IPHONEOS_DEPLOYMENT_TARGET = 16.2;
				MARKETING_VERSION = 1.0;
				PRODUCT_BUNDLE_IDENTIFIER = soojang.WebAlarmTests;
				PRODUCT_NAME = "$(TARGET_NAME)";
				SWIFT_EMIT_LOC_STRINGS = NO;
				SWIFT_VERSION = 5.0;
				TARGETED_DEVICE_FAMILY = "1,2";
				TEST_HOST = "$(BUILT_PRODUCTS_DIR)/WebAlarm.app/$(BUNDLE_EXECUTABLE_FOLDER_PATH)/WebAlarm";
			};
			name = Release;
		};
		F495864029B1CB3E007AC51F /* Debug */ = {
			isa = XCBuildConfiguration;
			buildSettings = {
				ALWAYS_EMBED_SWIFT_STANDARD_LIBRARIES = YES;
				CODE_SIGN_STYLE = Automatic;
				CURRENT_PROJECT_VERSION = 1;
				DEVELOPMENT_TEAM = 72GVCX2P2A;
				GENERATE_INFOPLIST_FILE = YES;
				MARKETING_VERSION = 1.0;
				PRODUCT_BUNDLE_IDENTIFIER = soojang.WebAlarmUITests;
				PRODUCT_NAME = "$(TARGET_NAME)";
				SWIFT_EMIT_LOC_STRINGS = NO;
				SWIFT_VERSION = 5.0;
				TARGETED_DEVICE_FAMILY = "1,2";
				TEST_TARGET_NAME = WebAlarm;
			};
			name = Debug;
		};
		F495864129B1CB3E007AC51F /* Release */ = {
			isa = XCBuildConfiguration;
			buildSettings = {
				ALWAYS_EMBED_SWIFT_STANDARD_LIBRARIES = YES;
				CODE_SIGN_STYLE = Automatic;
				CURRENT_PROJECT_VERSION = 1;
				DEVELOPMENT_TEAM = 72GVCX2P2A;
				GENERATE_INFOPLIST_FILE = YES;
				MARKETING_VERSION = 1.0;
				PRODUCT_BUNDLE_IDENTIFIER = soojang.WebAlarmUITests;
				PRODUCT_NAME = "$(TARGET_NAME)";
				SWIFT_EMIT_LOC_STRINGS = NO;
				SWIFT_VERSION = 5.0;
				TARGETED_DEVICE_FAMILY = "1,2";
				TEST_TARGET_NAME = WebAlarm;
			};
			name = Release;
		};
/* End XCBuildConfiguration section */

/* Begin XCConfigurationList section */
		F495860729B1CB3C007AC51F /* Build configuration list for PBXProject "WebAlarm" */ = {
			isa = XCConfigurationList;
			buildConfigurations = (
				F495863729B1CB3E007AC51F /* Debug */,
				F495863829B1CB3E007AC51F /* Release */,
			);
			defaultConfigurationIsVisible = 0;
			defaultConfigurationName = Release;
		};
		F495863929B1CB3E007AC51F /* Build configuration list for PBXNativeTarget "WebAlarm" */ = {
			isa = XCConfigurationList;
			buildConfigurations = (
				F495863A29B1CB3E007AC51F /* Debug */,
				F495863B29B1CB3E007AC51F /* Release */,
			);
			defaultConfigurationIsVisible = 0;
			defaultConfigurationName = Release;
		};
		F495863C29B1CB3E007AC51F /* Build configuration list for PBXNativeTarget "WebAlarmTests" */ = {
			isa = XCConfigurationList;
			buildConfigurations = (
				F495863D29B1CB3E007AC51F /* Debug */,
				F495863E29B1CB3E007AC51F /* Release */,
			);
			defaultConfigurationIsVisible = 0;
			defaultConfigurationName = Release;
		};
		F495863F29B1CB3E007AC51F /* Build configuration list for PBXNativeTarget "WebAlarmUITests" */ = {
			isa = XCConfigurationList;
			buildConfigurations = (
				F495864029B1CB3E007AC51F /* Debug */,
				F495864129B1CB3E007AC51F /* Release */,
			);
			defaultConfigurationIsVisible = 0;
			defaultConfigurationName = Release;
		};
/* End XCConfigurationList section */

/* Begin XCVersionGroup section */
		F495861829B1CB3C007AC51F /* WebAlarm.xcdatamodeld */ = {
			isa = XCVersionGroup;
			children = (
				F495861929B1CB3C007AC51F /* WebAlarm.xcdatamodel */,
			);
			currentVersion = F495861929B1CB3C007AC51F /* WebAlarm.xcdatamodel */;
			path = WebAlarm.xcdatamodeld;
			sourceTree = "<group>";
			versionGroupType = wrapper.xcdatamodel;
		};
/* End XCVersionGroup section */
	};
	rootObject = F495860429B1CB3C007AC51F /* Project object */;
}
